
Microsoft Visual Studio Solution File, Format Version 12.00
# Visual Studio Version 16
VisualStudioVersion = 16.0.808.6
MinimumVisualStudioVersion = 10.0.40219.1
Project("{FAE04EC0-301F-11D3-BF4B-00C04F79EFBC}") = "OOP_lab", "OOP_lab\OOP_lab.csproj", "{70F45E29-94C6-4776-9CC7-BB3723800D64}"
EndProject
Global
	GlobalSection(SolutionConfigurationPlatforms) = preSolution
		Debug|Any CPU = Debug|Any CPU
		Release|Any CPU = Release|Any CPU
	EndGlobalSection
	GlobalSection(ProjectConfigurationPlatforms) = postSolution
		{70F45E29-94C6-4776-9CC7-BB3723800D64}.Debug|Any CPU.ActiveCfg = Debug|Any CPU
		{70F45E29-94C6-4776-9CC7-BB3723800D64}.Debug|Any CPU.Build.0 = Debug|Any CPU
		{70F45E29-94C6-4776-9CC7-BB3723800D64}.Release|Any CPU.ActiveCfg = Release|Any CPU
		{70F45E29-94C6-4776-9CC7-BB3723800D64}.Release|Any CPU.Build.0 = Release|Any CPU
	EndGlobalSection
	GlobalSection(SolutionProperties) = preSolution
		HideSolutionNode = FALSE
	EndGlobalSection
	GlobalSection(ExtensibilityGlobals) = postSolution
		SolutionGuid = {30B71BC3-049E-40A2-8512-FA3FD14647D5}
	EndGlobalSection
EndGlobal
