
Microsoft Visual Studio Solution File, Format Version 12.00
# Visual Studio Version 16
VisualStudioVersion = 16.0.808.6
MinimumVisualStudioVersion = 10.0.40219.1
Project("{FAE04EC0-301F-11D3-BF4B-00C04F79EFBC}") = "OOP_pr_8_2", "OOP_pr_8_2\OOP_pr_8_2.csproj", "{C8FC8108-1B2B-4A29-85A3-B2DA36F1B319}"
EndProject
Global
	GlobalSection(SolutionConfigurationPlatforms) = preSolution
		Debug|Any CPU = Debug|Any CPU
		Release|Any CPU = Release|Any CPU
	EndGlobalSection
	GlobalSection(ProjectConfigurationPlatforms) = postSolution
		{C8FC8108-1B2B-4A29-85A3-B2DA36F1B319}.Debug|Any CPU.ActiveCfg = Debug|Any CPU
		{C8FC8108-1B2B-4A29-85A3-B2DA36F1B319}.Debug|Any CPU.Build.0 = Debug|Any CPU
		{C8FC8108-1B2B-4A29-85A3-B2DA36F1B319}.Release|Any CPU.ActiveCfg = Release|Any CPU
		{C8FC8108-1B2B-4A29-85A3-B2DA36F1B319}.Release|Any CPU.Build.0 = Release|Any CPU
	EndGlobalSection
	GlobalSection(SolutionProperties) = preSolution
		HideSolutionNode = FALSE
	EndGlobalSection
	GlobalSection(ExtensibilityGlobals) = postSolution
		SolutionGuid = {C6777E92-F576-449C-9C6E-E2F7A36DC3B1}
	EndGlobalSection
EndGlobal
