
Microsoft Visual Studio Solution File, Format Version 12.00
# Visual Studio Version 16
VisualStudioVersion = 16.0.808.6
MinimumVisualStudioVersion = 10.0.40219.1
Project("{FAE04EC0-301F-11D3-BF4B-00C04F79EFBC}") = "OOP_pr_9", "OOP_pr_9\OOP_pr_9.csproj", "{539384A1-A747-4769-A3E9-8A4CAF195C88}"
EndProject
Global
	GlobalSection(SolutionConfigurationPlatforms) = preSolution
		Debug|Any CPU = Debug|Any CPU
		Release|Any CPU = Release|Any CPU
	EndGlobalSection
	GlobalSection(ProjectConfigurationPlatforms) = postSolution
		{539384A1-A747-4769-A3E9-8A4CAF195C88}.Debug|Any CPU.ActiveCfg = Debug|Any CPU
		{539384A1-A747-4769-A3E9-8A4CAF195C88}.Debug|Any CPU.Build.0 = Debug|Any CPU
		{539384A1-A747-4769-A3E9-8A4CAF195C88}.Release|Any CPU.ActiveCfg = Release|Any CPU
		{539384A1-A747-4769-A3E9-8A4CAF195C88}.Release|Any CPU.Build.0 = Release|Any CPU
	EndGlobalSection
	GlobalSection(SolutionProperties) = preSolution
		HideSolutionNode = FALSE
	EndGlobalSection
	GlobalSection(ExtensibilityGlobals) = postSolution
		SolutionGuid = {26149BF1-10F1-4408-9A85-E18147674B5B}
	EndGlobalSection
EndGlobal
